# THIS IS AN AUTOGENERATED FILE. DO NOT EDIT THIS FILE DIRECTLY.
# yarn lockfile v1


cd@^0.3.3:
  version "0.3.3"
  resolved "https://registry.yarnpkg.com/cd/-/cd-0.3.3.tgz#108ecb57bff93b96b9115c54573cfef3008ef94d"
  integrity sha512-X2y0Ssu48ucdkrNgCdg6k3EZWjWVy/dsEywUUTeZEIW31f3bQfq65Svm+TzU1Hz+qqhdmyCdjGhUvRsSKHl/mw==

functions@^1.0.9:
  version "1.0.9"
  resolved "https://registry.yarnpkg.com/functions/-/functions-1.0.9.tgz#8c55330bad60880c63c4e21074add580dac9ffe8"
  integrity sha512-h0zM/T9ds8kS7px2jDvlo3Neej8a1T8MGJ+qMgBA2Ki0X+SVvghwy0fGPEYr89hrlzd4QXnJsLimA/+FJqRv+w==
